
Microsoft Visual Studio Solution File, Format Version 12.00
# Visual Studio Version 16
VisualStudioVersion = 16.0.31112.23
MinimumVisualStudioVersion = 10.0.40219.1
Project("{FAE04EC0-301F-11D3-BF4B-00C04F79EFBC}") = "OpenCommand", "OpenCommand.csproj", "{623EE5C9-1926-4103-9A98-580932F925B2}"
EndProject
Project("{C7167F0D-BC9F-4E6E-AFE1-012C56B48DB5}") = "Packaging", "..\OpenCommandPackaging\Packaging.wapproj", "{559B9B13-BE07-4E92-B6F5-28A4C6C4AEA1}"
EndProject
Project("{FAE04EC0-301F-11D3-BF4B-00C04F79EFBC}") = "OpenCommandWcfService", "..\OpenCommandService\OpenCommandWcfService.csproj", "{6824D52B-7A8B-492A-B8B3-CFFE0ADF48A6}"
EndProject
Project("{9A19103F-16F7-4668-BE54-9A1E7A4F7556}") = "Launcher", "..\Launcher\Launcher.csproj", "{847A156E-9212-43AE-B98E-ABFF4038CCAE}"
EndProject
Project("{FAE04EC0-301F-11D3-BF4B-00C04F79EFBC}") = "OpenCommandBgService", "..\OpenCommandBgService\OpenCommandBgService.csproj", "{0B1F2B72-DCF5-4787-923F-9868815C28FB}"
EndProject
Project("{FAE04EC0-301F-11D3-BF4B-00C04F79EFBC}") = "OpenCommandWriteService", "..\OpenCommandWriteService\OpenCommandWriteService.csproj", "{8E0017AC-DCB8-46BA-ADA0-1B22561F0AA7}"
EndProject
Global
	GlobalSection(SolutionConfigurationPlatforms) = preSolution
		Debug|Any CPU = Debug|Any CPU
		Debug|ARM = Debug|ARM
		Debug|ARM64 = Debug|ARM64
		Debug|x64 = Debug|x64
		Debug|x86 = Debug|x86
		Release|Any CPU = Release|Any CPU
		Release|ARM = Release|ARM
		Release|ARM64 = Release|ARM64
		Release|x64 = Release|x64
		Release|x86 = Release|x86
	EndGlobalSection
	GlobalSection(ProjectConfigurationPlatforms) = postSolution
		{623EE5C9-1926-4103-9A98-580932F925B2}.Debug|Any CPU.ActiveCfg = Debug|x86
		{623EE5C9-1926-4103-9A98-580932F925B2}.Debug|Any CPU.Build.0 = Debug|x86
		{623EE5C9-1926-4103-9A98-580932F925B2}.Debug|Any CPU.Deploy.0 = Debug|x86
		{623EE5C9-1926-4103-9A98-580932F925B2}.Debug|ARM.ActiveCfg = Debug|ARM
		{623EE5C9-1926-4103-9A98-580932F925B2}.Debug|ARM.Build.0 = Debug|ARM
		{623EE5C9-1926-4103-9A98-580932F925B2}.Debug|ARM.Deploy.0 = Debug|ARM
		{623EE5C9-1926-4103-9A98-580932F925B2}.Debug|ARM64.ActiveCfg = Debug|ARM64
		{623EE5C9-1926-4103-9A98-580932F925B2}.Debug|ARM64.Build.0 = Debug|ARM64
		{623EE5C9-1926-4103-9A98-580932F925B2}.Debug|ARM64.Deploy.0 = Debug|ARM64
		{623EE5C9-1926-4103-9A98-580932F925B2}.Debug|x64.ActiveCfg = Debug|x64
		{623EE5C9-1926-4103-9A98-580932F925B2}.Debug|x64.Build.0 = Debug|x64
		{623EE5C9-1926-4103-9A98-580932F925B2}.Debug|x64.Deploy.0 = Debug|x64
		{623EE5C9-1926-4103-9A98-580932F925B2}.Debug|x86.ActiveCfg = Debug|x86
		{623EE5C9-1926-4103-9A98-580932F925B2}.Debug|x86.Build.0 = Debug|x86
		{623EE5C9-1926-4103-9A98-580932F925B2}.Debug|x86.Deploy.0 = Debug|x86
		{623EE5C9-1926-4103-9A98-580932F925B2}.Release|Any CPU.ActiveCfg = Release|x86
		{623EE5C9-1926-4103-9A98-580932F925B2}.Release|ARM.ActiveCfg = Release|ARM
		{623EE5C9-1926-4103-9A98-580932F925B2}.Release|ARM.Build.0 = Release|ARM
		{623EE5C9-1926-4103-9A98-580932F925B2}.Release|ARM.Deploy.0 = Release|ARM
		{623EE5C9-1926-4103-9A98-580932F925B2}.Release|ARM64.ActiveCfg = Release|ARM64
		{623EE5C9-1926-4103-9A98-580932F925B2}.Release|ARM64.Build.0 = Release|ARM64
		{623EE5C9-1926-4103-9A98-580932F925B2}.Release|ARM64.Deploy.0 = Release|ARM64
		{623EE5C9-1926-4103-9A98-580932F925B2}.Release|x64.ActiveCfg = Release|x64
		{623EE5C9-1926-4103-9A98-580932F925B2}.Release|x64.Build.0 = Release|x64
		{623EE5C9-1926-4103-9A98-580932F925B2}.Release|x64.Deploy.0 = Release|x64
		{623EE5C9-1926-4103-9A98-580932F925B2}.Release|x86.ActiveCfg = Release|x86
		{623EE5C9-1926-4103-9A98-580932F925B2}.Release|x86.Build.0 = Release|x86
		{623EE5C9-1926-4103-9A98-580932F925B2}.Release|x86.Deploy.0 = Release|x86
		{559B9B13-BE07-4E92-B6F5-28A4C6C4AEA1}.Debug|Any CPU.ActiveCfg = Debug|x86
		{559B9B13-BE07-4E92-B6F5-28A4C6C4AEA1}.Debug|Any CPU.Build.0 = Debug|x86
		{559B9B13-BE07-4E92-B6F5-28A4C6C4AEA1}.Debug|Any CPU.Deploy.0 = Debug|x86
		{559B9B13-BE07-4E92-B6F5-28A4C6C4AEA1}.Debug|ARM.ActiveCfg = Debug|ARM
		{559B9B13-BE07-4E92-B6F5-28A4C6C4AEA1}.Debug|ARM.Build.0 = Debug|ARM
		{559B9B13-BE07-4E92-B6F5-28A4C6C4AEA1}.Debug|ARM.Deploy.0 = Debug|ARM
		{559B9B13-BE07-4E92-B6F5-28A4C6C4AEA1}.Debug|ARM64.ActiveCfg = Debug|ARM64
		{559B9B13-BE07-4E92-B6F5-28A4C6C4AEA1}.Debug|ARM64.Build.0 = Debug|ARM64
		{559B9B13-BE07-4E92-B6F5-28A4C6C4AEA1}.Debug|ARM64.Deploy.0 = Debug|ARM64
		{559B9B13-BE07-4E92-B6F5-28A4C6C4AEA1}.Debug|x64.ActiveCfg = Debug|x64
		{559B9B13-BE07-4E92-B6F5-28A4C6C4AEA1}.Debug|x64.Build.0 = Debug|x64
		{559B9B13-BE07-4E92-B6F5-28A4C6C4AEA1}.Debug|x64.Deploy.0 = Debug|x64
		{559B9B13-BE07-4E92-B6F5-28A4C6C4AEA1}.Debug|x86.ActiveCfg = Debug|x86
		{559B9B13-BE07-4E92-B6F5-28A4C6C4AEA1}.Debug|x86.Build.0 = Debug|x86
		{559B9B13-BE07-4E92-B6F5-28A4C6C4AEA1}.Debug|x86.Deploy.0 = Debug|x86
		{559B9B13-BE07-4E92-B6F5-28A4C6C4AEA1}.Release|Any CPU.ActiveCfg = Release|Any CPU
		{559B9B13-BE07-4E92-B6F5-28A4C6C4AEA1}.Release|Any CPU.Build.0 = Release|Any CPU
		{559B9B13-BE07-4E92-B6F5-28A4C6C4AEA1}.Release|Any CPU.Deploy.0 = Release|Any CPU
		{559B9B13-BE07-4E92-B6F5-28A4C6C4AEA1}.Release|ARM.ActiveCfg = Release|ARM
		{559B9B13-BE07-4E92-B6F5-28A4C6C4AEA1}.Release|ARM.Build.0 = Release|ARM
		{559B9B13-BE07-4E92-B6F5-28A4C6C4AEA1}.Release|ARM.Deploy.0 = Release|ARM
		{559B9B13-BE07-4E92-B6F5-28A4C6C4AEA1}.Release|ARM64.ActiveCfg = Release|ARM64
		{559B9B13-BE07-4E92-B6F5-28A4C6C4AEA1}.Release|ARM64.Build.0 = Release|ARM64
		{559B9B13-BE07-4E92-B6F5-28A4C6C4AEA1}.Release|ARM64.Deploy.0 = Release|ARM64
		{559B9B13-BE07-4E92-B6F5-28A4C6C4AEA1}.Release|x64.ActiveCfg = Release|x64
		{559B9B13-BE07-4E92-B6F5-28A4C6C4AEA1}.Release|x64.Build.0 = Release|x64
		{559B9B13-BE07-4E92-B6F5-28A4C6C4AEA1}.Release|x64.Deploy.0 = Release|x64
		{559B9B13-BE07-4E92-B6F5-28A4C6C4AEA1}.Release|x86.ActiveCfg = Release|x86
		{559B9B13-BE07-4E92-B6F5-28A4C6C4AEA1}.Release|x86.Build.0 = Release|x86
		{559B9B13-BE07-4E92-B6F5-28A4C6C4AEA1}.Release|x86.Deploy.0 = Release|x86
		{6824D52B-7A8B-492A-B8B3-CFFE0ADF48A6}.Debug|Any CPU.ActiveCfg = Debug|Any CPU
		{6824D52B-7A8B-492A-B8B3-CFFE0ADF48A6}.Debug|Any CPU.Build.0 = Debug|Any CPU
		{6824D52B-7A8B-492A-B8B3-CFFE0ADF48A6}.Debug|ARM.ActiveCfg = Debug|Any CPU
		{6824D52B-7A8B-492A-B8B3-CFFE0ADF48A6}.Debug|ARM.Build.0 = Debug|Any CPU
		{6824D52B-7A8B-492A-B8B3-CFFE0ADF48A6}.Debug|ARM64.ActiveCfg = Debug|Any CPU
		{6824D52B-7A8B-492A-B8B3-CFFE0ADF48A6}.Debug|ARM64.Build.0 = Debug|Any CPU
		{6824D52B-7A8B-492A-B8B3-CFFE0ADF48A6}.Debug|x64.ActiveCfg = Debug|Any CPU
		{6824D52B-7A8B-492A-B8B3-CFFE0ADF48A6}.Debug|x64.Build.0 = Debug|Any CPU
		{6824D52B-7A8B-492A-B8B3-CFFE0ADF48A6}.Debug|x86.ActiveCfg = Debug|Any CPU
		{6824D52B-7A8B-492A-B8B3-CFFE0ADF48A6}.Debug|x86.Build.0 = Debug|Any CPU
		{6824D52B-7A8B-492A-B8B3-CFFE0ADF48A6}.Release|Any CPU.ActiveCfg = Release|Any CPU
		{6824D52B-7A8B-492A-B8B3-CFFE0ADF48A6}.Release|Any CPU.Build.0 = Release|Any CPU
		{6824D52B-7A8B-492A-B8B3-CFFE0ADF48A6}.Release|ARM.ActiveCfg = Release|Any CPU
		{6824D52B-7A8B-492A-B8B3-CFFE0ADF48A6}.Release|ARM.Build.0 = Release|Any CPU
		{6824D52B-7A8B-492A-B8B3-CFFE0ADF48A6}.Release|ARM64.ActiveCfg = Release|Any CPU
		{6824D52B-7A8B-492A-B8B3-CFFE0ADF48A6}.Release|ARM64.Build.0 = Release|Any CPU
		{6824D52B-7A8B-492A-B8B3-CFFE0ADF48A6}.Release|x64.ActiveCfg = Release|Any CPU
		{6824D52B-7A8B-492A-B8B3-CFFE0ADF48A6}.Release|x64.Build.0 = Release|Any CPU
		{6824D52B-7A8B-492A-B8B3-CFFE0ADF48A6}.Release|x86.ActiveCfg = Release|Any CPU
		{6824D52B-7A8B-492A-B8B3-CFFE0ADF48A6}.Release|x86.Build.0 = Release|Any CPU
		{847A156E-9212-43AE-B98E-ABFF4038CCAE}.Debug|Any CPU.ActiveCfg = Debug|Any CPU
		{847A156E-9212-43AE-B98E-ABFF4038CCAE}.Debug|Any CPU.Build.0 = Debug|Any CPU
		{847A156E-9212-43AE-B98E-ABFF4038CCAE}.Debug|ARM.ActiveCfg = Debug|Any CPU
		{847A156E-9212-43AE-B98E-ABFF4038CCAE}.Debug|ARM.Build.0 = Debug|Any CPU
		{847A156E-9212-43AE-B98E-ABFF4038CCAE}.Debug|ARM64.ActiveCfg = Debug|Any CPU
		{847A156E-9212-43AE-B98E-ABFF4038CCAE}.Debug|ARM64.Build.0 = Debug|Any CPU
		{847A156E-9212-43AE-B98E-ABFF4038CCAE}.Debug|x64.ActiveCfg = Debug|Any CPU
		{847A156E-9212-43AE-B98E-ABFF4038CCAE}.Debug|x64.Build.0 = Debug|Any CPU
		{847A156E-9212-43AE-B98E-ABFF4038CCAE}.Debug|x86.ActiveCfg = Debug|Any CPU
		{847A156E-9212-43AE-B98E-ABFF4038CCAE}.Debug|x86.Build.0 = Debug|Any CPU
		{847A156E-9212-43AE-B98E-ABFF4038CCAE}.Release|Any CPU.ActiveCfg = Release|Any CPU
		{847A156E-9212-43AE-B98E-ABFF4038CCAE}.Release|Any CPU.Build.0 = Release|Any CPU
		{847A156E-9212-43AE-B98E-ABFF4038CCAE}.Release|ARM.ActiveCfg = Release|Any CPU
		{847A156E-9212-43AE-B98E-ABFF4038CCAE}.Release|ARM.Build.0 = Release|Any CPU
		{847A156E-9212-43AE-B98E-ABFF4038CCAE}.Release|ARM64.ActiveCfg = Release|Any CPU
		{847A156E-9212-43AE-B98E-ABFF4038CCAE}.Release|ARM64.Build.0 = Release|Any CPU
		{847A156E-9212-43AE-B98E-ABFF4038CCAE}.Release|x64.ActiveCfg = Release|Any CPU
		{847A156E-9212-43AE-B98E-ABFF4038CCAE}.Release|x64.Build.0 = Release|Any CPU
		{847A156E-9212-43AE-B98E-ABFF4038CCAE}.Release|x86.ActiveCfg = Release|Any CPU
		{847A156E-9212-43AE-B98E-ABFF4038CCAE}.Release|x86.Build.0 = Release|Any CPU
		{0B1F2B72-DCF5-4787-923F-9868815C28FB}.Debug|Any CPU.ActiveCfg = Debug|Any CPU
		{0B1F2B72-DCF5-4787-923F-9868815C28FB}.Debug|Any CPU.Build.0 = Debug|Any CPU
		{0B1F2B72-DCF5-4787-923F-9868815C28FB}.Debug|ARM.ActiveCfg = Debug|Any CPU
		{0B1F2B72-DCF5-4787-923F-9868815C28FB}.Debug|ARM.Build.0 = Debug|Any CPU
		{0B1F2B72-DCF5-4787-923F-9868815C28FB}.Debug|ARM64.ActiveCfg = Debug|Any CPU
		{0B1F2B72-DCF5-4787-923F-9868815C28FB}.Debug|ARM64.Build.0 = Debug|Any CPU
		{0B1F2B72-DCF5-4787-923F-9868815C28FB}.Debug|x64.ActiveCfg = Debug|Any CPU
		{0B1F2B72-DCF5-4787-923F-9868815C28FB}.Debug|x64.Build.0 = Debug|Any CPU
		{0B1F2B72-DCF5-4787-923F-9868815C28FB}.Debug|x86.ActiveCfg = Debug|Any CPU
		{0B1F2B72-DCF5-4787-923F-9868815C28FB}.Debug|x86.Build.0 = Debug|Any CPU
		{0B1F2B72-DCF5-4787-923F-9868815C28FB}.Release|Any CPU.ActiveCfg = Release|Any CPU
		{0B1F2B72-DCF5-4787-923F-9868815C28FB}.Release|Any CPU.Build.0 = Release|Any CPU
		{0B1F2B72-DCF5-4787-923F-9868815C28FB}.Release|ARM.ActiveCfg = Release|Any CPU
		{0B1F2B72-DCF5-4787-923F-9868815C28FB}.Release|ARM.Build.0 = Release|Any CPU
		{0B1F2B72-DCF5-4787-923F-9868815C28FB}.Release|ARM64.ActiveCfg = Release|Any CPU
		{0B1F2B72-DCF5-4787-923F-9868815C28FB}.Release|ARM64.Build.0 = Release|Any CPU
		{0B1F2B72-DCF5-4787-923F-9868815C28FB}.Release|x64.ActiveCfg = Release|Any CPU
		{0B1F2B72-DCF5-4787-923F-9868815C28FB}.Release|x64.Build.0 = Release|Any CPU
		{0B1F2B72-DCF5-4787-923F-9868815C28FB}.Release|x86.ActiveCfg = Release|Any CPU
		{0B1F2B72-DCF5-4787-923F-9868815C28FB}.Release|x86.Build.0 = Release|Any CPU
		{8E0017AC-DCB8-46BA-ADA0-1B22561F0AA7}.Debug|Any CPU.ActiveCfg = Debug|Any CPU
		{8E0017AC-DCB8-46BA-ADA0-1B22561F0AA7}.Debug|Any CPU.Build.0 = Debug|Any CPU
		{8E0017AC-DCB8-46BA-ADA0-1B22561F0AA7}.Debug|ARM.ActiveCfg = Debug|Any CPU
		{8E0017AC-DCB8-46BA-ADA0-1B22561F0AA7}.Debug|ARM.Build.0 = Debug|Any CPU
		{8E0017AC-DCB8-46BA-ADA0-1B22561F0AA7}.Debug|ARM64.ActiveCfg = Debug|Any CPU
		{8E0017AC-DCB8-46BA-ADA0-1B22561F0AA7}.Debug|ARM64.Build.0 = Debug|Any CPU
		{8E0017AC-DCB8-46BA-ADA0-1B22561F0AA7}.Debug|x64.ActiveCfg = Debug|Any CPU
		{8E0017AC-DCB8-46BA-ADA0-1B22561F0AA7}.Debug|x64.Build.0 = Debug|Any CPU
		{8E0017AC-DCB8-46BA-ADA0-1B22561F0AA7}.Debug|x86.ActiveCfg = Debug|Any CPU
		{8E0017AC-DCB8-46BA-ADA0-1B22561F0AA7}.Debug|x86.Build.0 = Debug|Any CPU
		{8E0017AC-DCB8-46BA-ADA0-1B22561F0AA7}.Release|Any CPU.ActiveCfg = Release|Any CPU
		{8E0017AC-DCB8-46BA-ADA0-1B22561F0AA7}.Release|Any CPU.Build.0 = Release|Any CPU
		{8E0017AC-DCB8-46BA-ADA0-1B22561F0AA7}.Release|ARM.ActiveCfg = Release|Any CPU
		{8E0017AC-DCB8-46BA-ADA0-1B22561F0AA7}.Release|ARM.Build.0 = Release|Any CPU
		{8E0017AC-DCB8-46BA-ADA0-1B22561F0AA7}.Release|ARM64.ActiveCfg = Release|Any CPU
		{8E0017AC-DCB8-46BA-ADA0-1B22561F0AA7}.Release|ARM64.Build.0 = Release|Any CPU
		{8E0017AC-DCB8-46BA-ADA0-1B22561F0AA7}.Release|x64.ActiveCfg = Release|Any CPU
		{8E0017AC-DCB8-46BA-ADA0-1B22561F0AA7}.Release|x64.Build.0 = Release|Any CPU
		{8E0017AC-DCB8-46BA-ADA0-1B22561F0AA7}.Release|x86.ActiveCfg = Release|Any CPU
		{8E0017AC-DCB8-46BA-ADA0-1B22561F0AA7}.Release|x86.Build.0 = Release|Any CPU
	EndGlobalSection
	GlobalSection(SolutionProperties) = preSolution
		HideSolutionNode = FALSE
	EndGlobalSection
	GlobalSection(ExtensibilityGlobals) = postSolution
		SolutionGuid = {58CD0DFE-F354-41FB-B4DE-187718B111EC}
	EndGlobalSection
EndGlobal
